{
  "version": 1,
  "dependencies": {
    "net10.0": {
      "Meziantou.Analyzer": {
        "type": "Direct",
        "requested": "[3.0.84, )",
        "resolved": "3.0.84",
        "contentHash": "KMe2CatTUixfMYWhKbQQlH68ZX0bhjH4iRGhU2H/MV+oExAB1q9/uJp+lZJVe0wLudLUbLvsfH4+iJ1ADKw9Hw=="
      },
      "Microsoft.NET.ILLink.Tasks": {
        "type": "Direct",
        "requested": "[10.0.8, )",
        "resolved": "10.0.8",
        "contentHash": "dVbSXGIFNR5nZcv2tOLoWI+a9T4jtFd77IYjuND+QVe360qWgAF7H0WtoopYhRw/+SgpGUTyrkrh+65+ClNnfw=="
      },
      "Microsoft.SourceLink.GitHub": {
        "type": "Direct",
        "requested": "[10.0.300, )",
        "resolved": "10.0.300",
        "contentHash": "QzCtLkXVb3l4IxcpvJCbzUwMLihAmLN6vVLjQGSzYSF8d2dvXxqJAZk83RV3gYnp2egz8jRMgSR2woY3vOahTA==",
        "dependencies": {
          "Microsoft.Build.Tasks.Git": "10.0.300",
          "Microsoft.SourceLink.Common": "10.0.300",
          "System.IO.Hashing": "10.0.8"
        }
      },
      "Theodicean.Makaretu.Dns.Multicast": {
        "type": "Direct",
        "requested": "[0.0.7, )",
        "resolved": "0.0.7",
        "contentHash": "susuSW5fJOA/SRMD9o0+pO+ESzU8fR/nkAPr8fbK/hPobD4Lbh+ORDQz+EuL/HQcVaMzXlx9W5PBcsVQjU+HFQ==",
        "dependencies": {
          "Theodicean.Makaretu.Dns": "0.0.7"
        }
      },
      "Microsoft.Build.Tasks.Git": {
        "type": "Transitive",
        "resolved": "10.0.300",
        "contentHash": "P0kaQwVZx4xIUe2FtrLyBadYNXuAljttJUPvjBYRuHhPE8L77L42KakLDkaADRiUrGspoLcMwayjrbQhYTr0zA==",
        "dependencies": {
          "System.IO.Hashing": "10.0.8"
        }
      },
      "Microsoft.SourceLink.Common": {
        "type": "Transitive",
        "resolved": "10.0.300",
        "contentHash": "0jlkXaUGjYlWTIVPve5MftjKHnT3SlAtq9BCLV4J9IjdPrxV/+4rMlBSjfr1khG8/GC6KGojjola8E1VvWF0qQ=="
      },
      "System.IO.Hashing": {
        "type": "Transitive",
        "resolved": "10.0.8",
        "contentHash": "+dJsbPJ3FyUbTZNplFj0RCKePFizmv6ewDV46JE9q/IVH4c3xTCftHfHelLsAKf0jryIPqgMb5GpS0x7TAY3mg=="
      },
      "Theodicean.Makaretu.Dns": {
        "type": "Transitive",
        "resolved": "0.0.7",
        "contentHash": "IVB161e+Z9xceNFEGdolhzaZC123tusJpFseL6QeT4hdqdhtRFedUeOeg2WZgpysLapccrKEE857q8RYT/lLJQ=="
      },
      "Theodicean.UnfoldedCircle.Models": {
        "type": "Project"
      }
    }
  }
}