{
  "version": 1,
  "dependencies": {
    "net10.0": {
      "Meziantou.Analyzer": {
        "type": "Direct",
        "requested": "[3.0.61, )",
        "resolved": "3.0.61",
        "contentHash": "Ed/5bKmY38QbQJgL9wmWnweX4mq3WaNYNq8kp4Hk/WPIFuLuK/P/dEB/ZnenQius+NNDXxTIiCXFPmQdLrHWMg=="
      },
      "Microsoft.NET.ILLink.Tasks": {
        "type": "Direct",
        "requested": "[10.0.3, )",
        "resolved": "10.0.3",
        "contentHash": "0B6nZyCHWXnvmlB559oduOspVdNOnpNXPjhpWVMovLPAsDVG7A4jJR9rzECf67JUzxP8/ee/wA8clwIzJcWNFA=="
      },
      "Theodicean.Makaretu.Dns.Multicast": {
        "type": "Direct",
        "requested": "[0.0.7, )",
        "resolved": "0.0.7",
        "contentHash": "susuSW5fJOA/SRMD9o0+pO+ESzU8fR/nkAPr8fbK/hPobD4Lbh+ORDQz+EuL/HQcVaMzXlx9W5PBcsVQjU+HFQ==",
        "dependencies": {
          "Theodicean.Makaretu.Dns": "0.0.7"
        }
      },
      "Theodicean.Makaretu.Dns": {
        "type": "Transitive",
        "resolved": "0.0.7",
        "contentHash": "IVB161e+Z9xceNFEGdolhzaZC123tusJpFseL6QeT4hdqdhtRFedUeOeg2WZgpysLapccrKEE857q8RYT/lLJQ=="
      },
      "Theodicean.UnfoldedCircle.Models": {
        "type": "Project"
      }
    }
  }
}