{
  "version": 1,
  "dependencies": {
    "net10.0": {
      "Meziantou.Analyzer": {
        "type": "Direct",
        "requested": "[3.0.82, )",
        "resolved": "3.0.82",
        "contentHash": "R7Hsd80todix2jOWqB3viWwSu473zCvc2+fo9Y3VDtimfyd/wr2XquHQ59OYVPREUiD6fkzZdhe/hKH27+4sfw=="
      },
      "Microsoft.NET.ILLink.Tasks": {
        "type": "Direct",
        "requested": "[10.0.8, )",
        "resolved": "10.0.8",
        "contentHash": "dVbSXGIFNR5nZcv2tOLoWI+a9T4jtFd77IYjuND+QVe360qWgAF7H0WtoopYhRw/+SgpGUTyrkrh+65+ClNnfw=="
      },
      "Theodicean.Makaretu.Dns.Multicast": {
        "type": "Direct",
        "requested": "[0.0.7, )",
        "resolved": "0.0.7",
        "contentHash": "susuSW5fJOA/SRMD9o0+pO+ESzU8fR/nkAPr8fbK/hPobD4Lbh+ORDQz+EuL/HQcVaMzXlx9W5PBcsVQjU+HFQ==",
        "dependencies": {
          "Theodicean.Makaretu.Dns": "0.0.7"
        }
      },
      "Theodicean.Makaretu.Dns": {
        "type": "Transitive",
        "resolved": "0.0.7",
        "contentHash": "IVB161e+Z9xceNFEGdolhzaZC123tusJpFseL6QeT4hdqdhtRFedUeOeg2WZgpysLapccrKEE857q8RYT/lLJQ=="
      },
      "Theodicean.UnfoldedCircle.Models": {
        "type": "Project"
      }
    }
  }
}