{
  "version": 1,
  "dependencies": {
    "net10.0": {
      "Meziantou.Analyzer": {
        "type": "Direct",
        "requested": "[3.0.84, )",
        "resolved": "3.0.84",
        "contentHash": "KMe2CatTUixfMYWhKbQQlH68ZX0bhjH4iRGhU2H/MV+oExAB1q9/uJp+lZJVe0wLudLUbLvsfH4+iJ1ADKw9Hw=="
      },
      "Microsoft.NET.ILLink.Tasks": {
        "type": "Direct",
        "requested": "[10.0.8, )",
        "resolved": "10.0.8",
        "contentHash": "dVbSXGIFNR5nZcv2tOLoWI+a9T4jtFd77IYjuND+QVe360qWgAF7H0WtoopYhRw/+SgpGUTyrkrh+65+ClNnfw=="
      },
      "Theodicean.SourceGenerators": {
        "type": "Direct",
        "requested": "[0.0.5, )",
        "resolved": "0.0.5",
        "contentHash": "CZ36BSeqkRXCDGKBeV6IcOiVLeKoZrv31JsbTFuiQpUVLyvGhVzCVesUlWMH5U/TU7xbAS3rE1AyS+sD1hx6Tg=="
      }
    }
  }
}