{
  "version": 1,
  "dependencies": {
    "net10.0": {
      "Meziantou.Analyzer": {
        "type": "Direct",
        "requested": "[3.0.81, )",
        "resolved": "3.0.81",
        "contentHash": "DvRZ5GtlGQXY9LMImBU41ARFz71FcjI5Q3IVu+oPWHwFeifq3oWC1wt257Yf/L23UCD5oNSDSLCoO1zV5yvQtA=="
      },
      "Microsoft.NET.ILLink.Tasks": {
        "type": "Direct",
        "requested": "[10.0.8, )",
        "resolved": "10.0.8",
        "contentHash": "dVbSXGIFNR5nZcv2tOLoWI+a9T4jtFd77IYjuND+QVe360qWgAF7H0WtoopYhRw/+SgpGUTyrkrh+65+ClNnfw=="
      },
      "Theodicean.SourceGenerators": {
        "type": "Direct",
        "requested": "[0.0.5, )",
        "resolved": "0.0.5",
        "contentHash": "CZ36BSeqkRXCDGKBeV6IcOiVLeKoZrv31JsbTFuiQpUVLyvGhVzCVesUlWMH5U/TU7xbAS3rE1AyS+sD1hx6Tg=="
      }
    }
  }
}